
Microsoft Visual Studio Solution File, Format Version 12.00
# Visual Studio Version 17
VisualStudioVersion = 17.9.34607.119
MinimumVisualStudioVersion = 10.0.40219.1
Project("{FAE04EC0-301F-11D3-BF4B-00C04F79EFBC}") = "DarkCrash.FileDatabase", "DarkCrash.FileDatabase\DarkCrash.FileDatabase.csproj", "{C5E985FD-3D9A-43A8-AF34-00D8D6F690A1}"
EndProject
Project("{FAE04EC0-301F-11D3-BF4B-00C04F79EFBC}") = "DarkCrash.FileDatabase.Common", "DarkCrash.FileDatabase.Common\DarkCrash.FileDatabase.Common.csproj", "{96D55656-78B2-4A6D-B80F-E191673EE2ED}"
EndProject
Global
	GlobalSection(SolutionConfigurationPlatforms) = preSolution
		Debug|Any CPU = Debug|Any CPU
		Release|Any CPU = Release|Any CPU
	EndGlobalSection
	GlobalSection(ProjectConfigurationPlatforms) = postSolution
		{C5E985FD-3D9A-43A8-AF34-00D8D6F690A1}.Debug|Any CPU.ActiveCfg = Debug|Any CPU
		{C5E985FD-3D9A-43A8-AF34-00D8D6F690A1}.Debug|Any CPU.Build.0 = Debug|Any CPU
		{C5E985FD-3D9A-43A8-AF34-00D8D6F690A1}.Release|Any CPU.ActiveCfg = Release|Any CPU
		{C5E985FD-3D9A-43A8-AF34-00D8D6F690A1}.Release|Any CPU.Build.0 = Release|Any CPU
		{96D55656-78B2-4A6D-B80F-E191673EE2ED}.Debug|Any CPU.ActiveCfg = Debug|Any CPU
		{96D55656-78B2-4A6D-B80F-E191673EE2ED}.Debug|Any CPU.Build.0 = Debug|Any CPU
		{96D55656-78B2-4A6D-B80F-E191673EE2ED}.Release|Any CPU.ActiveCfg = Release|Any CPU
		{96D55656-78B2-4A6D-B80F-E191673EE2ED}.Release|Any CPU.Build.0 = Release|Any CPU
	EndGlobalSection
	GlobalSection(SolutionProperties) = preSolution
		HideSolutionNode = FALSE
	EndGlobalSection
	GlobalSection(ExtensibilityGlobals) = postSolution
		SolutionGuid = {656CED15-B338-42AA-B037-EABA607A090B}
	EndGlobalSection
EndGlobal
